lockfileVersion: 5.4

specifiers:
  moment: ^2.29.4
  moment-timezone: ^0.5.43

dependencies:
  moment: 2.29.4
  moment-timezone: 0.5.43

packages:

  /moment-timezone/0.5.43:
    resolution: {integrity: sha512-72j3aNyuIsDxdF1i7CEgV2FfxM1r6aaqJyLB2vwb33mXYyoyLly+F1zbWqhA3/bVIoJ4szlUoMbUnVdid32NUQ==}
    dependencies:
      moment: 2.29.4
    dev: false

  /moment/2.29.4:
    resolution: {integrity: sha512-5LC9SOxjSc2HF6vO2CyuTDNivEdoz2IvyJJGj6X8DJ0eFyfszE0QiEd+iXmBvUP3WHxSjFH/vIsA0EN00cgr8w==}
    dev: false
